<?xml version="1.0" encoding="utf-8"?>
<Project DefaultTargets="Build" ToolsVersion="3.5" xmlns="http://schemas.microsoft.com/developer/msbuild/2003">
  <PropertyGroup>
    <Configuration Condition=" '$(Configuration)' == '' ">Debug</Configuration>
    <Platform Condition=" '$(Platform)' == '' ">AnyCPU</Platform>
    <ProductVersion>9.0.21022</ProductVersion>
    <SchemaVersion>2.0</SchemaVersion>
    <ProjectGuid>{EACAF7CD-D5EF-468D-8AA8-AEA2637AFD50}</ProjectGuid>
    <Target>Executable</Target>
    <IncrementalLinking>true</IncrementalLinking>
    <UseDefaultCompiler>true</UseDefaultCompiler>
    <Compiler>DMD</Compiler>
    <PreferOneStepBuild>true</PreferOneStepBuild>
    <DependentProjectIds>
      <DependentProjectIds>
        <String>{B370A7EC-9FA1-4662-8ED2-AF024FDCD7A6}</String>
        <String>{EE50F3C8-5DD4-482D-8C06-7D65F3E80183}</String>
        <String>{5F8B6543-96C2-400B-A27A-78FCF602919D}</String>
      </DependentProjectIds>
    </DependentProjectIds>
  </PropertyGroup>
  <PropertyGroup Condition=" '$(Configuration)|$(Platform)' == 'Debug|AnyCPU' ">
    <DebugSymbols>true</DebugSymbols>
    <OutputPath>bin\Debug</OutputPath>
    <ObjectsDirectory>obj/Debug</ObjectsDirectory>
    <OutputName>DhtNode</OutputName>
  </PropertyGroup>
  <PropertyGroup Condition=" '$(Configuration)|$(Platform)' == 'Release|AnyCPU' ">
    <OutputPath>bin\Release</OutputPath>
    <ObjectsDirectory>obj/Release</ObjectsDirectory>
    <OutputName>DhtNode</OutputName>
  </PropertyGroup>
  <PropertyGroup Condition=" '$(Configuration)|$(Platform)' == 'Unittest|AnyCPU' ">
    <DebugSymbols>true</DebugSymbols>
    <OutputPath>bin\Unittest</OutputPath>
    <ObjectsDirectory>obj/Unittest</ObjectsDirectory>
    <ExtraCompilerArguments>-unittest </ExtraCompilerArguments>
    <OutputName>DhtNode</OutputName>
  </PropertyGroup>
  <ItemGroup>
    <None Include="Makefile" />
    <None Include="script\gen-config.sh" />
    <None Include="doc\etc\memory.config.ini" />
    <None Include="doc\etc\logfiles.config.ini" />
    <None Include="doc\examples\gen-config\config.tpl.ini" />
    <None Include="doc\examples\gen-config\ranges.txt" />
    <None Include="doc\examples\dht-tcm-backup.logrotate.conf" />
  </ItemGroup>
  <ItemGroup>
    <Compile Include="src\main\dhtnode.d" />
    <Compile Include="src\mod\logfiles\LogfilesDhtNode.d" />
    <Compile Include="src\mod\memory\ChannelDumpThread.d" />
    <Compile Include="src\mod\memory\MemoryDhtNode.d" />
    <Compile Include="src\mod\memory\MemoryPeriodicStats.d" />
    <Compile Include="src\mod\DhtNodeServer.d" />
    <Compile Include="src\core\model\IDhtNode.d" />
    <Compile Include="src\core\config\ServerConfig.d" />
    <Compile Include="src\core\config\StatsConfig.d" />
    <Compile Include="src\core\util\Terminator.d" />
    <Compile Include="src\core\periodic\model\IPeriodic.d" />
    <Compile Include="src\core\periodic\Periodics.d" />
    <Compile Include="src\core\periodic\PeriodicStats.d" />
    <Compile Include="src\core\periodic\PeriodicWriterFlush.d" />
    <Compile Include="src\core\config\PerformanceConfig.d" />
  </ItemGroup>
  <ProjectExtensions>
    <MonoDevelop>
      <Properties>
        <Policies>
          <VersionControlPolicy inheritsSet="Mono">
            <CommitMessageStyle FirstFilePrefix="" FileSeparator=", " LastFilePostfix=":&#xA;" LineAlign="0" />
          </VersionControlPolicy>
        </Policies>
        <MonoDevelop.Autotools.MakefileInfo IntegrationEnabled="true" RelativeMakefileName="Makefile" BuildTargetName="node">
          <BuildFilesVar />
          <DeployFilesVar />
          <ResourcesVar />
          <OthersVar />
          <GacRefVar />
          <AsmRefVar />
          <ProjectRefVar />
          <MessageRegex Error="^\s*(?&lt;file&gt;[^\(]*)\((?&lt;line&gt;\d*)\): (?&lt;message&gt;.*)" Warning="^\s*(?&lt;file&gt;[^\(]*)\((?&lt;line&gt;\d*)\): (?&lt;message&gt;.*)" Name="Custom" />
        </MonoDevelop.Autotools.MakefileInfo>
      </Properties>
    </MonoDevelop>
  </ProjectExtensions>
  <ItemGroup>
    <Folder Include="src\core\" />
    <Folder Include="src\core\model\" />
    <Folder Include="src\core\config\" />
    <Folder Include="src\core\util\" />
    <Folder Include="src\core\periodic\" />
    <Folder Include="src\core\periodic\model\" />
  </ItemGroup>
</Project>