<?xml version="1.0" encoding="utf-8"?>
<Project DefaultTargets="Build" ToolsVersion="3.5" xmlns="http://schemas.microsoft.com/developer/msbuild/2003">
  <PropertyGroup>
    <Configuration Condition=" '$(Configuration)' == '' ">Debug</Configuration>
    <Platform Condition=" '$(Platform)' == '' ">AnyCPU</Platform>
    <ProductVersion>9.0.21022</ProductVersion>
    <SchemaVersion>2.0</SchemaVersion>
    <ProjectGuid>{4B2890FC-5580-4945-B8EF-0B34A886EF17}</ProjectGuid>
    <UseDefaultCompiler>true</UseDefaultCompiler>
    <IncrementalLinking>true</IncrementalLinking>
    <PreferOneStepBuild>true</PreferOneStepBuild>
    <Compiler>DMD</Compiler>
    <Includes>
      <Includes>
        <Path>../ocean</Path>
        <Path>../swarm</Path>
        <Path>../tango</Path>
      </Includes>
    </Includes>
  </PropertyGroup>
  <PropertyGroup Condition=" '$(Configuration)|$(Platform)' == 'Debug|AnyCPU' ">
    <DebugSymbols>true</DebugSymbols>
    <OutputPath>bin\Debug</OutputPath>
    <ObjectsDirectory>obj/Debug</ObjectsDirectory>
    <OutputName>QueueNode</OutputName>
    <Target>Executable</Target>
  </PropertyGroup>
  <PropertyGroup Condition=" '$(Configuration)|$(Platform)' == 'Release|AnyCPU' ">
    <OutputPath>bin\Release</OutputPath>
    <ObjectsDirectory>obj/Release</ObjectsDirectory>
    <OutputName>QueueNode</OutputName>
    <Target>Executable</Target>
  </PropertyGroup>
  <PropertyGroup Condition=" '$(Configuration)|$(Platform)' == 'Unittest|AnyCPU' ">
    <DebugSymbols>true</DebugSymbols>
    <OutputPath>bin\Unittest</OutputPath>
    <ExtraCompilerArguments>-unittest </ExtraCompilerArguments>
    <ObjectsDirectory>obj/Unittest</ObjectsDirectory>
    <Target>Executable</Target>
    <OutputName>QueueNode</OutputName>
  </PropertyGroup>
  <ItemGroup>
    <None Include="doc\etc\config.ini" />
    <None Include="Makefile" />
  </ItemGroup>
  <ItemGroup>
    <Compile Include="src\main\queuenode.d" />
    <Compile Include="src\mod\node\config\MainConfig.d" />
    <Compile Include="src\mod\node\periodic\model\IPeriodic.d" />
    <Compile Include="src\mod\node\periodic\Periodics.d" />
    <Compile Include="src\mod\node\periodic\PeriodicStats.d" />
    <Compile Include="src\mod\node\util\Terminator.d" />
    <Compile Include="src\mod\node\QueueNode.d" />
  </ItemGroup>
  <ProjectExtensions>
    <MonoDevelop>
      <Properties>
        <MonoDevelop.Autotools.MakefileInfo IntegrationEnabled="true" RelativeMakefileName="Makefile">
          <BuildFilesVar />
          <DeployFilesVar />
          <ResourcesVar />
          <OthersVar />
          <GacRefVar />
          <AsmRefVar />
          <ProjectRefVar />
          <MessageRegex Error="^\s*(?&lt;file&gt;[^\(]*)\((?&lt;line&gt;\d*)\): (?&lt;message&gt;.*)" Warning="^\s*(?&lt;file&gt;[^\(]*)\((?&lt;line&gt;\d*)\): (?&lt;message&gt;.*)" Name="Custom" />
        </MonoDevelop.Autotools.MakefileInfo>
      </Properties>
    </MonoDevelop>
  </ProjectExtensions>
</Project>